
Microsoft Visual Studio Solution File, Format Version 12.00
# Visual Studio Version 16
VisualStudioVersion = 16.0.30709.132
MinimumVisualStudioVersion = 10.0.40219.1
Project("{9A19103F-16F7-4668-BE54-9A1E7A4F7556}") = "GitLabApiClient", "GitLabApiClient\GitLabApiClient.csproj", "{50B93773-F779-4F93-A295-86A15971BE26}"
EndProject
Project("{FAE04EC0-301F-11D3-BF4B-00C04F79EFBC}") = "GitExtensions.GitLabCommitHintPlugin", "GitExtensions.GitLabCommitHintPlugin\GitExtensions.GitLabCommitHintPlugin.csproj", "{77BD4A8F-E4DA-4771-A154-4B00C89D5787}"
EndProject
Global
	GlobalSection(SolutionConfigurationPlatforms) = preSolution
		Debug|Any CPU = Debug|Any CPU
		Release|Any CPU = Release|Any CPU
	EndGlobalSection
	GlobalSection(ProjectConfigurationPlatforms) = postSolution
		{50B93773-F779-4F93-A295-86A15971BE26}.Debug|Any CPU.ActiveCfg = Debug|Any CPU
		{50B93773-F779-4F93-A295-86A15971BE26}.Debug|Any CPU.Build.0 = Debug|Any CPU
		{50B93773-F779-4F93-A295-86A15971BE26}.Release|Any CPU.ActiveCfg = Release|Any CPU
		{50B93773-F779-4F93-A295-86A15971BE26}.Release|Any CPU.Build.0 = Release|Any CPU
		{77BD4A8F-E4DA-4771-A154-4B00C89D5787}.Debug|Any CPU.ActiveCfg = Debug|Any CPU
		{77BD4A8F-E4DA-4771-A154-4B00C89D5787}.Debug|Any CPU.Build.0 = Debug|Any CPU
		{77BD4A8F-E4DA-4771-A154-4B00C89D5787}.Release|Any CPU.ActiveCfg = Release|Any CPU
		{77BD4A8F-E4DA-4771-A154-4B00C89D5787}.Release|Any CPU.Build.0 = Release|Any CPU
	EndGlobalSection
	GlobalSection(SolutionProperties) = preSolution
		HideSolutionNode = FALSE
	EndGlobalSection
	GlobalSection(ExtensibilityGlobals) = postSolution
		SolutionGuid = {5DBB2101-2DE5-4ED5-A56A-016103F67C8C}
	EndGlobalSection
EndGlobal
